{
  "name": "window-control",
  "version": "1.4.5",
  "lockfileVersion": 2,
  "requires": true,
  "packages": {
    "": {
      "name": "window-control",
      "version": "1.4.5",
      "license": "MIT",
      "dependencies": {
        "hazardous": "^0.3.0",
        "json5": "^2.1.1"
      }
    },
    "node_modules/callsite": {
      "version": "1.0.0",
      "resolved": "https://registry.npmjs.org/callsite/-/callsite-1.0.0.tgz",
      "integrity": "sha1-KAOY5dZkvXQDi28JBRU+borxvCA=",
      "engines": {
        "node": "*"
      }
    },
    "node_modules/hazardous": {
      "version": "0.3.0",
      "resolved": "https://registry.npmjs.org/hazardous/-/hazardous-0.3.0.tgz",
      "integrity": "sha512-VLSlBMoLTnfScKBJTycufZ2OHLO06eS3Q0mxNdHJ+egd1QLqeLitxDeGeUuoIgOqSPer+uqZCxiv43a1EVmwdg==",
      "dependencies": {
        "callsite": "^1.0.0"
      }
    },
    "node_modules/json5": {
      "version": "2.2.2",
      "resolved": "https://registry.npmjs.org/json5/-/json5-2.2.2.tgz",
      "integrity": "sha512-46Tk9JiOL2z7ytNQWFLpj99RZkVgeHf87yGQKsIkaPz1qSH9UczKH1rO7K3wgRselo0tYMUNfecYpm/p1vC7tQ==",
      "bin": {
        "json5": "lib/cli.js"
      },
      "engines": {
        "node": ">=6"
      }
    }
  },
  "dependencies": {
    "callsite": {
      "version": "1.0.0",
      "resolved": "https://registry.npmjs.org/callsite/-/callsite-1.0.0.tgz",
      "integrity": "sha1-KAOY5dZkvXQDi28JBRU+borxvCA="
    },
    "hazardous": {
      "version": "0.3.0",
      "resolved": "https://registry.npmjs.org/hazardous/-/hazardous-0.3.0.tgz",
      "integrity": "sha512-VLSlBMoLTnfScKBJTycufZ2OHLO06eS3Q0mxNdHJ+egd1QLqeLitxDeGeUuoIgOqSPer+uqZCxiv43a1EVmwdg==",
      "requires": {
        "callsite": "^1.0.0"
      }
    },
    "json5": {
      "version": "2.2.2",
      "resolved": "https://registry.npmjs.org/json5/-/json5-2.2.2.tgz",
      "integrity": "sha512-46Tk9JiOL2z7ytNQWFLpj99RZkVgeHf87yGQKsIkaPz1qSH9UczKH1rO7K3wgRselo0tYMUNfecYpm/p1vC7tQ=="
    }
  }
}
